{
  "name": "ai-code-scanner",
  "version": "1.0.0",
  "lockfileVersion": 3,
  "requires": true,
  "packages": {
    "": {
      "name": "ai-code-scanner",
      "version": "1.0.0",
      "license": "UNLICENSED",
      "bin": {
        "ai-scan": "src/cli.js"
      },
      "engines": {
        "node": ">=18"
      }
    }
  }
}
